<?xml version="1.0" encoding="utf-8"?>
<Project ToolsVersion="4.0" xmlns="http://schemas.microsoft.com/developer/msbuild/2003">
  <ItemGroup>
    <Filter Include="Source Files">
      <UniqueIdentifier>{4FC737F1-C7A5-4376-A066-2A32D752A2FF}</UniqueIdentifier>
      <Extensions>cpp;c;cc;cxx;c++;cppm;ixx;def;odl;idl;hpj;bat;asm;asmx</Extensions>
    </Filter>
    <Filter Include="Header Files">
      <UniqueIdentifier>{93995380-89BD-4b04-88EB-625FBE52EBFB}</UniqueIdentifier>
      <Extensions>h;hh;hpp;hxx;h++;hm;inl;inc;ipp;xsd</Extensions>
    </Filter>
    <Filter Include="Resource Files">
      <UniqueIdentifier>{67DA6AB6-F800-4c08-8B7A-83BB121AAD01}</UniqueIdentifier>
      <Extensions>rc;ico;cur;bmp;dlg;rc2;rct;bin;rgs;gif;jpg;jpeg;jpe;resx;tiff;tif;png;wav;mfcribbon-ms</Extensions>
    </Filter>
  </ItemGroup>
  <ItemGroup>
    <ClCompile Include="libdynamic.cpp">
      <Filter>Source Files</Filter>
    </ClCompile>
    <ClCompile Include="cipher\Encryptor.cpp">
      <Filter>Source Files</Filter>
    </ClCompile>
    <ClCompile Include="cipher\md5.cpp">
      <Filter>Source Files</Filter>
    </ClCompile>
    <ClCompile Include="cipher\sha.cpp">
      <Filter>Source Files</Filter>
    </ClCompile>
    <ClCompile Include="cryptography\Cipher.cpp">
      <Filter>Source Files</Filter>
    </ClCompile>
    <ClCompile Include="cryptography\EVP.cpp">
      <Filter>Source Files</Filter>
    </ClCompile>
    <ClCompile Include="cryptography\RC4.cpp">
      <Filter>Source Files</Filter>
    </ClCompile>
    <ClCompile Include="protocol\PppVpnProtocol.cpp">
      <Filter>Source Files</Filter>
    </ClCompile>
    <ClCompile Include="packet\native\icmp.cpp">
      <Filter>Source Files</Filter>
    </ClCompile>
    <ClCompile Include="packet\native\udp.cpp">
      <Filter>Source Files</Filter>
    </ClCompile>
    <ClCompile Include="packet\IcmpFrame.cpp">
      <Filter>Source Files</Filter>
    </ClCompile>
    <ClCompile Include="packet\IPEndPoint.cpp">
      <Filter>Source Files</Filter>
    </ClCompile>
    <ClCompile Include="packet\Ipep.cpp">
      <Filter>Source Files</Filter>
    </ClCompile>
    <ClCompile Include="packet\IPFrame.cpp">
      <Filter>Source Files</Filter>
    </ClCompile>
    <ClCompile Include="packet\UdpFrame.cpp">
      <Filter>Source Files</Filter>
    </ClCompile>
    <ClCompile Include="custom.cpp">
      <Filter>Source Files</Filter>
    </ClCompile>
  </ItemGroup>
  <ItemGroup>
    <ClInclude Include="cipher\Encryptor.h">
      <Filter>Header Files</Filter>
    </ClInclude>
    <ClInclude Include="cipher\md5.h">
      <Filter>Header Files</Filter>
    </ClInclude>
    <ClInclude Include="cipher\rc4.h">
      <Filter>Header Files</Filter>
    </ClInclude>
    <ClInclude Include="cipher\sha.h">
      <Filter>Header Files</Filter>
    </ClInclude>
    <ClInclude Include="cryptography\Cipher.h">
      <Filter>Header Files</Filter>
    </ClInclude>
    <ClInclude Include="cryptography\EVP.h">
      <Filter>Header Files</Filter>
    </ClInclude>
    <ClInclude Include="cryptography\RC4.h">
      <Filter>Header Files</Filter>
    </ClInclude>
    <ClInclude Include="custom.h">
      <Filter>Header Files</Filter>
    </ClInclude>
    <ClInclude Include="cryptography\PppVpnCipher.h">
      <Filter>Header Files</Filter>
    </ClInclude>
    <ClInclude Include="protocol\PppVpnProtocol.h">
      <Filter>Header Files</Filter>
    </ClInclude>
    <ClInclude Include="packet\native\icmp.h">
      <Filter>Header Files</Filter>
    </ClInclude>
    <ClInclude Include="packet\native\udp.h">
      <Filter>Header Files</Filter>
    </ClInclude>
    <ClInclude Include="packet\IcmpFrame.h">
      <Filter>Header Files</Filter>
    </ClInclude>
    <ClInclude Include="packet\IPEndPoint.h">
      <Filter>Header Files</Filter>
    </ClInclude>
    <ClInclude Include="packet\Ipep.h">
      <Filter>Header Files</Filter>
    </ClInclude>
    <ClInclude Include="packet\IPFrame.h">
      <Filter>Header Files</Filter>
    </ClInclude>
    <ClInclude Include="packet\UdpFrame.h">
      <Filter>Header Files</Filter>
    </ClInclude>
    <ClInclude Include="checksum.h">
      <Filter>Header Files</Filter>
    </ClInclude>
    <ClInclude Include="io\Stream.h">
      <Filter>Header Files</Filter>
    </ClInclude>
    <ClInclude Include="io\BinaryReader.h">
      <Filter>Header Files</Filter>
    </ClInclude>
    <ClInclude Include="io\MemoryStream.h">
      <Filter>Header Files</Filter>
    </ClInclude>
    <ClInclude Include="io\SeekOrigin.h">
      <Filter>Header Files</Filter>
    </ClInclude>
    <ClInclude Include="env.h">
      <Filter>Header Files</Filter>
    </ClInclude>
    <ClInclude Include="libdynamic.h">
      <Filter>Header Files</Filter>
    </ClInclude>
    <ClInclude Include="resource.h">
      <Filter>Header Files</Filter>
    </ClInclude>
  </ItemGroup>
  <ItemGroup>
    <ResourceCompile Include="Resource.rc">
      <Filter>Resource Files</Filter>
    </ResourceCompile>
  </ItemGroup>
  <ItemGroup>
    <None Include="Resource.aps" />
  </ItemGroup>
</Project>